hash: 908d803b24e9ab81ba6d713e9ef48a1b44a970fe66e89cb49c77dfcb052ba5a0
updated: 2019-06-07T06:53:56.236383-04:00
imports:
- name: github.com/allegro/bigcache
  version: e24eb225f15679bbe54f91bfa7da3b00e59b9768
  subpackages:
  - queue
- name: github.com/aristanetworks/goarista
  version: a123909ec740ba2ed43a293e3febaf7618aa67d5
  subpackages:
  - monotime
- name: github.com/badoux/checkmail
  version: 9661bd69e9ad6fce1f7579022bdab0440807722a
- name: github.com/btcsuite/btcd
  version: aa6e0f35703c1438cc45860ddc0c3f6e6c633c93
  subpackages:
  - btcec
  - btcjson
  - chaincfg
  - chaincfg/chainhash
  - rpcclient
  - wire
- name: github.com/btcsuite/btclog
  version: 84c8d2346e9fc8c7b947e243b9c24e6df9fd206a
- name: github.com/btcsuite/btcutil
  version: 3ac1210f4b38284536002486ef8a21ac54c14497
  subpackages:
  - base58
  - bech32
- name: github.com/btcsuite/go-socks
  version: 4720035b7bfd2a9bb130b1c184f8bbe41b6f0d0f
  subpackages:
  - socks
- name: github.com/btcsuite/websocket
  version: 31079b6807923eb23992c421b114992b95131b55
- name: github.com/deckarep/golang-set
  version: 699df6a3acf6867538e50931511e9dc403da108a
- name: github.com/dgrijalva/jwt-go
  version: 06ea1031745cb8b3dab3f6a236daf2b0aa468b7e
- name: github.com/ethereum/go-ethereum
  version: 428eabe28d1077356b16f25828d78d8693a766bb
  subpackages:
  - accounts/abi
  - common
  - common/hexutil
  - common/math
  - common/mclock
  - common/prque
  - core/types
  - crypto
  - crypto/secp256k1
  - ethclient
  - ethdb
  - log
  - metrics
  - p2p/netutil
  - params
  - rlp
  - rpc
  - trie
- name: github.com/gin-contrib/sse
  version: 5545eab6dad3bbbd6c5ae9186383c2a9d23c0dae
- name: github.com/gin-gonic/gin
  version: b869fe1415e4b9eb52f247441830d502aece2d4d
  subpackages:
  - binding
  - json
  - render
- name: github.com/go-stack/stack
  version: 2fee6af1a9795aafbe0253a0cfbdf668e1fb8a9a
- name: github.com/gogo/protobuf
  version: 382325bbbb4d1c850eec1f3ec92a1a16f502d68b
  subpackages:
  - gogoproto
  - proto
  - protoc-gen-gogo/descriptor
- name: github.com/golang/protobuf
  version: d3c38a4eb4970272b87a425ae00ccc4548e2f9bb
  subpackages:
  - proto
- name: github.com/golang/snappy
  version: 2a8bb927dd31d8daada140a5d09578521ce5c36a
- name: github.com/gorilla/websocket
  version: 66b9c49e59c6c48f0ffce28c2d8b8a5678502c6d
- name: github.com/jinzhu/gorm
  version: b7156195f7f3415f97c20abbd6aff894b847fee8
  subpackages:
  - dialects/postgres
- name: github.com/jinzhu/inflection
  version: 04140366298a54a039076d798123ffa108fff46c
- name: github.com/json-iterator/go
  version: 0ff49de124c6f76f8494e194af75bde0f1a49a29
- name: github.com/kthomas/go-db-config
  version: fe566ecb4d7e3e2e1cf39d3a739e1ecfbec912f8
- name: github.com/kthomas/go-logger
  version: 230b452f1919101d0b06c44ca727d78056983a8d
- name: github.com/kthomas/go-natsutil
  version: a16a55e7dc26f074c31eb9e6d7ae31da4458a124
- name: github.com/kthomas/go-self-signed-cert
  version: a6356df979a5303e6d488550cd7c607a44b66dba
- name: github.com/kthomas/go.uuid
  version: 28d1fa77e9a4efcba826a2a6c8f5a9ff6cea44a6
- name: github.com/kthomas/identitymind-golang
  version: 9b1372448eb14f8dfec14cbe80113e730bff5904
- name: github.com/lib/pq
  version: d6156e141ac6c06345c7c73f450987a9ed4b751f
  subpackages:
  - hstore
  - oid
- name: github.com/mattn/go-isatty
  version: c2a7a6ca930a4cd0bc33a3f298eb71960732a3a7
- name: github.com/modern-go/concurrent
  version: bacd9c7ef1dd9b15be4a9909b8ac7a4e313eec94
- name: github.com/modern-go/reflect2
  version: 94122c33edd36123c84d5368cfb2b69df93a0ec8
- name: github.com/nats-io/go-nats
  version: c528ff487513eec69347b5598eb35d91f0a63820
  subpackages:
  - encoders/builtin
  - util
- name: github.com/nats-io/go-nats-streaming
  version: 82824caf82d8e87d762226c5060006dfbd97107f
  subpackages:
  - pb
- name: github.com/nats-io/nkeys
  version: 1546a3320a8f195a5b5c84aef8309377c2e411d5
- name: github.com/nats-io/nuid
  version: 3024a71c3cbe30667286099921591e6fcc328230
- name: github.com/op/go-logging
  version: 970db520ece77730c7e4724c61121037378659d9
- name: github.com/provideservices/provide-go
  version: a657ce9a16d5d4464dd8736f72042df2bd817413
- name: github.com/rs/cors
  version: 76f58f330d76a55c5badc74f6212e8a15e742c77
- name: github.com/satori/go.uuid
  version: b2ce2384e17bbe0c6d34077efa39dbab3e09123b
- name: github.com/syndtr/goleveldb
  version: c3a204f8e96543bb0cc090385c001078f184fc46
  subpackages:
  - leveldb
  - leveldb/cache
  - leveldb/comparer
  - leveldb/errors
  - leveldb/filter
  - leveldb/iterator
  - leveldb/journal
  - leveldb/memdb
  - leveldb/opt
  - leveldb/storage
  - leveldb/table
  - leveldb/util
- name: github.com/ugorji/go
  version: 2dc34c0b87808deb8e2c69e1625db4c14e5d0d4a
  subpackages:
  - codec
- name: github.com/vincent-petithory/dataurl
  version: 9a301d65acbb728fcc3ace14f45f511a4cfeea9c
- name: golang.org/x/crypto
  version: 38d8ce5564a5b71b2e3a00553993f1b9a7ae852f
  subpackages:
  - bcrypt
  - blowfish
  - ed25519
  - ed25519/internal/edwards25519
  - pbkdf2
  - ripemd160
  - scrypt
  - sha3
- name: golang.org/x/net
  version: eb5bcb51f2a31c7d5141d810b70815c05d9c9146
  subpackages:
  - websocket
- name: golang.org/x/sys
  version: 4b34438f7a67ee5f45cc6132e2bad873a20324e9
  subpackages:
  - cpu
  - unix
- name: gopkg.in/go-playground/validator.v8
  version: 5f1438d3fca68893a817e4a66806cea46a9e4ebf
- name: gopkg.in/natefinch/npipe.v2
  version: c1b8fa8bdccecb0b8db834ee0b92fdbcfa606dd6
- name: gopkg.in/yaml.v2
  version: 51d6538a90f86fe93ac480b35f37b2be17fef232
testImports: []
