hash: 758f02719e139ac6e69ed8af9dee8272edba3bf706d9a352186710928b8440c7
updated: 2019-07-31T06:59:32.923013-04:00
imports:
- name: github.com/allegro/bigcache
  version: bbf64ae21fc5555f4e9752825ee9ffe13b1e5fa0
  subpackages:
  - queue
- name: github.com/aristanetworks/goarista
  version: f44d68189fd70d5ee96bf3ccd56a53224febfc50
  subpackages:
  - monotime
- name: github.com/badoux/checkmail
  version: 9661bd69e9ad6fce1f7579022bdab0440807722a
- name: github.com/btcsuite/btcd
  version: c26ffa870fd817666a857af1bf6498fabba1ffe3
  subpackages:
  - btcec
  - btcjson
  - chaincfg
  - chaincfg/chainhash
  - rpcclient
  - wire
- name: github.com/btcsuite/btclog
  version: 84c8d2346e9fc8c7b947e243b9c24e6df9fd206a
- name: github.com/btcsuite/btcutil
  version: 9e5f4b9a998d263e3ce9c56664a7816001ac8000
  subpackages:
  - base58
  - bech32
- name: github.com/btcsuite/go-socks
  version: 4720035b7bfd2a9bb130b1c184f8bbe41b6f0d0f
  subpackages:
  - socks
- name: github.com/btcsuite/websocket
  version: 31079b6807923eb23992c421b114992b95131b55
- name: github.com/deckarep/golang-set
  version: 699df6a3acf6867538e50931511e9dc403da108a
- name: github.com/dgrijalva/jwt-go
  version: 06ea1031745cb8b3dab3f6a236daf2b0aa468b7e
- name: github.com/ethereum/go-ethereum
  version: 428eabe28d1077356b16f25828d78d8693a766bb
  subpackages:
  - accounts/abi
  - common
  - common/hexutil
  - common/math
  - common/mclock
  - common/prque
  - core/types
  - crypto
  - crypto/secp256k1
  - ethclient
  - ethdb
  - log
  - metrics
  - p2p/netutil
  - params
  - rlp
  - rpc
  - trie
- name: github.com/gin-contrib/sse
  version: 54d8467d122d380a14768b6b4e5cd7ca4755938f
- name: github.com/gin-gonic/gin
  version: b869fe1415e4b9eb52f247441830d502aece2d4d
  subpackages:
  - binding
  - json
  - render
- name: github.com/go-stack/stack
  version: 2fee6af1a9795aafbe0253a0cfbdf668e1fb8a9a
- name: github.com/gogo/protobuf
  version: dadb625850898f31a8e40e83492f4a7132e520a2
  subpackages:
  - gogoproto
  - proto
  - protoc-gen-gogo/descriptor
- name: github.com/golang/protobuf
  version: 6c65a5562fc06764971b7c5d05c76c75e84bdbf7
  subpackages:
  - proto
- name: github.com/golang/snappy
  version: 2a8bb927dd31d8daada140a5d09578521ce5c36a
- name: github.com/google/logger
  version: 03bdf7bcb2c4d98c8fdbf62f1473fb1303ca1c1d
- name: github.com/gorilla/websocket
  version: 66b9c49e59c6c48f0ffce28c2d8b8a5678502c6d
- name: github.com/jinzhu/gorm
  version: 836fb2c19d84dac7b0272958dfb9af7cf0d0ade4
  subpackages:
  - dialects/postgres
- name: github.com/jinzhu/inflection
  version: f5c5f50e6090ae76a29240b61ae2a90dd810112e
- name: github.com/json-iterator/go
  version: 27518f6661eba504be5a7a9a9f6d9460d892ade3
- name: github.com/kthomas/go-db-config
  version: fe566ecb4d7e3e2e1cf39d3a739e1ecfbec912f8
- name: github.com/kthomas/go-logger
  version: 01c36065851341304751234b081327cf58728dba
- name: github.com/kthomas/go-natsutil
  version: 9005877cb785bc3569982bdd79698c37d9e96b89
- name: github.com/kthomas/go-self-signed-cert
  version: a6356df979a5303e6d488550cd7c607a44b66dba
- name: github.com/kthomas/go.uuid
  version: 28d1fa77e9a4efcba826a2a6c8f5a9ff6cea44a6
- name: github.com/kthomas/identitymind-golang
  version: 6d2ea7e625e14e72515a2ce3a1d9c62f25f56ba4
- name: github.com/lib/pq
  version: 2ff3cb3adc01768e0a552b3a02575a6df38a9bea
  subpackages:
  - hstore
  - oid
  - scram
- name: github.com/mattn/go-isatty
  version: 1311e847b0cb909da63b5fecfb5370aa66236465
- name: github.com/modern-go/concurrent
  version: bacd9c7ef1dd9b15be4a9909b8ac7a4e313eec94
- name: github.com/modern-go/reflect2
  version: 94122c33edd36123c84d5368cfb2b69df93a0ec8
- name: github.com/nats-io/nats.go
  version: e2837a2879e82886f6e21715e3a0217fdc46d370
  subpackages:
  - encoders/builtin
  - util
- name: github.com/nats-io/nkeys
  version: 1546a3320a8f195a5b5c84aef8309377c2e411d5
- name: github.com/nats-io/nuid
  version: 4b96681fa6d28dd0ab5fe79bac63b3a493d9ee94
- name: github.com/nats-io/stan.go
  version: 8e4a9131d26a2846cfccedc1a65548d9ace4b104
  subpackages:
  - pb
- name: github.com/provideservices/provide-go
  version: 5f55b50fbb94fa61a64b5f9c23bb72463b90fcd0
- name: github.com/rs/cors
  version: 33ffc0734c60052d8b609f1e2d8ebbadc6cd80d8
- name: github.com/sdwolfe32/trumail
  version: 5bf27f7ac60a89461dc6c775c78fce14038a29e5
  subpackages:
  - verifier
- name: github.com/syndtr/goleveldb
  version: 02440ea7a28525b3079783ad9c27083994a42366
  subpackages:
  - leveldb
  - leveldb/cache
  - leveldb/comparer
  - leveldb/errors
  - leveldb/filter
  - leveldb/iterator
  - leveldb/journal
  - leveldb/memdb
  - leveldb/opt
  - leveldb/storage
  - leveldb/table
  - leveldb/util
- name: github.com/ugorji/go
  version: 02994ffebd8e7ef482130d13b570c8be0968b790
  subpackages:
  - codec
- name: github.com/vincent-petithory/dataurl
  version: 9a301d65acbb728fcc3ace14f45f511a4cfeea9c
- name: golang.org/x/crypto
  version: 4def268fd1a49955bfb3dda92fe3db4f924f2285
  subpackages:
  - bcrypt
  - blowfish
  - ed25519
  - ed25519/internal/edwards25519
  - pbkdf2
  - ripemd160
  - scrypt
  - sha3
- name: golang.org/x/net
  version: da137c7871d730100384dbcf36e6f8fa493aef5b
  subpackages:
  - idna
  - websocket
- name: golang.org/x/sys
  version: 04f50cda93cbb67f2afa353c52f342100e80e625
  subpackages:
  - cpu
  - unix
  - windows
  - windows/registry
  - windows/svc/eventlog
- name: golang.org/x/text
  version: 342b2e1fbaa52c93f31447ad2c6abc048c63e475
  subpackages:
  - secure/bidirule
  - transform
  - unicode/bidi
  - unicode/norm
- name: gopkg.in/go-playground/validator.v8
  version: 5f1438d3fca68893a817e4a66806cea46a9e4ebf
- name: gopkg.in/natefinch/npipe.v2
  version: c1b8fa8bdccecb0b8db834ee0b92fdbcfa606dd6
- name: gopkg.in/yaml.v2
  version: 51d6538a90f86fe93ac480b35f37b2be17fef232
testImports: []
